
Microsoft Visual Studio Solution File, Format Version 12.00
# Visual Studio Version 16
VisualStudioVersion = 16.0.30711.63
MinimumVisualStudioVersion = 10.0.40219.1
Project("{FAE04EC0-301F-11D3-BF4B-00C04F79EFBC}") = "Bello.WEB", "Bello.WEB\Bello.WEB.csproj", "{852D6E0B-E0B4-419E-8F4C-0B834881BF8F}"
EndProject
Global
	GlobalSection(SolutionConfigurationPlatforms) = preSolution
		Debug|Any CPU = Debug|Any CPU
		Release|Any CPU = Release|Any CPU
	EndGlobalSection
	GlobalSection(ProjectConfigurationPlatforms) = postSolution
		{852D6E0B-E0B4-419E-8F4C-0B834881BF8F}.Debug|Any CPU.ActiveCfg = Debug|Any CPU
		{852D6E0B-E0B4-419E-8F4C-0B834881BF8F}.Debug|Any CPU.Build.0 = Debug|Any CPU
		{852D6E0B-E0B4-419E-8F4C-0B834881BF8F}.Release|Any CPU.ActiveCfg = Release|Any CPU
		{852D6E0B-E0B4-419E-8F4C-0B834881BF8F}.Release|Any CPU.Build.0 = Release|Any CPU
	EndGlobalSection
	GlobalSection(SolutionProperties) = preSolution
		HideSolutionNode = FALSE
	EndGlobalSection
	GlobalSection(ExtensibilityGlobals) = postSolution
		SolutionGuid = {5DB620DB-DC2C-4A69-BCF5-FCAE01906448}
	EndGlobalSection
EndGlobal
