
Microsoft Visual Studio Solution File, Format Version 12.00
# Visual Studio Version 16
VisualStudioVersion = 16.0.30711.63
MinimumVisualStudioVersion = 10.0.40219.1
Project("{9A19103F-16F7-4668-BE54-9A1E7A4F7556}") = "Bello.API", "Bello.API\Bello.API.csproj", "{BCAA68CD-4221-4B0F-8472-52E8FA346C2B}"
EndProject
Project("{9A19103F-16F7-4668-BE54-9A1E7A4F7556}") = "Bello.DAL.Interface", "Bello.DAL.Interface\Bello.DAL.Interface.csproj", "{8760EE55-B8A0-452F-8CFB-25B0AD7F564F}"
EndProject
Project("{9A19103F-16F7-4668-BE54-9A1E7A4F7556}") = "Bello.BAL.Interface", "Bello.BAL.Interface\Bello.BAL.Interface.csproj", "{CA80CC4E-3358-43A2-8C96-ADA1D5760CEC}"
EndProject
Project("{9A19103F-16F7-4668-BE54-9A1E7A4F7556}") = "Bello.DAL.Implement", "Bello.DAL.Implement\Bello.DAL.Implement.csproj", "{6E2DE409-A3CF-461A-B25B-D09E44AB9FFC}"
EndProject
Project("{9A19103F-16F7-4668-BE54-9A1E7A4F7556}") = "Bello.BAL.Implement", "Bello.BAL.Implement\Bello.BAL.Implement.csproj", "{7B4373E0-CC83-47F7-85A6-160BC26943DF}"
EndProject
Project("{9A19103F-16F7-4668-BE54-9A1E7A4F7556}") = "Bello.Domain", "Bello.Domain\Bello.Domain.csproj", "{61B915BB-DCF3-4F17-93F1-187B49D229BB}"
EndProject
Global
	GlobalSection(SolutionConfigurationPlatforms) = preSolution
		Debug|Any CPU = Debug|Any CPU
		Release|Any CPU = Release|Any CPU
	EndGlobalSection
	GlobalSection(ProjectConfigurationPlatforms) = postSolution
		{BCAA68CD-4221-4B0F-8472-52E8FA346C2B}.Debug|Any CPU.ActiveCfg = Debug|Any CPU
		{BCAA68CD-4221-4B0F-8472-52E8FA346C2B}.Debug|Any CPU.Build.0 = Debug|Any CPU
		{BCAA68CD-4221-4B0F-8472-52E8FA346C2B}.Release|Any CPU.ActiveCfg = Release|Any CPU
		{BCAA68CD-4221-4B0F-8472-52E8FA346C2B}.Release|Any CPU.Build.0 = Release|Any CPU
		{8760EE55-B8A0-452F-8CFB-25B0AD7F564F}.Debug|Any CPU.ActiveCfg = Debug|Any CPU
		{8760EE55-B8A0-452F-8CFB-25B0AD7F564F}.Debug|Any CPU.Build.0 = Debug|Any CPU
		{8760EE55-B8A0-452F-8CFB-25B0AD7F564F}.Release|Any CPU.ActiveCfg = Release|Any CPU
		{8760EE55-B8A0-452F-8CFB-25B0AD7F564F}.Release|Any CPU.Build.0 = Release|Any CPU
		{CA80CC4E-3358-43A2-8C96-ADA1D5760CEC}.Debug|Any CPU.ActiveCfg = Debug|Any CPU
		{CA80CC4E-3358-43A2-8C96-ADA1D5760CEC}.Debug|Any CPU.Build.0 = Debug|Any CPU
		{CA80CC4E-3358-43A2-8C96-ADA1D5760CEC}.Release|Any CPU.ActiveCfg = Release|Any CPU
		{CA80CC4E-3358-43A2-8C96-ADA1D5760CEC}.Release|Any CPU.Build.0 = Release|Any CPU
		{6E2DE409-A3CF-461A-B25B-D09E44AB9FFC}.Debug|Any CPU.ActiveCfg = Debug|Any CPU
		{6E2DE409-A3CF-461A-B25B-D09E44AB9FFC}.Debug|Any CPU.Build.0 = Debug|Any CPU
		{6E2DE409-A3CF-461A-B25B-D09E44AB9FFC}.Release|Any CPU.ActiveCfg = Release|Any CPU
		{6E2DE409-A3CF-461A-B25B-D09E44AB9FFC}.Release|Any CPU.Build.0 = Release|Any CPU
		{7B4373E0-CC83-47F7-85A6-160BC26943DF}.Debug|Any CPU.ActiveCfg = Debug|Any CPU
		{7B4373E0-CC83-47F7-85A6-160BC26943DF}.Debug|Any CPU.Build.0 = Debug|Any CPU
		{7B4373E0-CC83-47F7-85A6-160BC26943DF}.Release|Any CPU.ActiveCfg = Release|Any CPU
		{7B4373E0-CC83-47F7-85A6-160BC26943DF}.Release|Any CPU.Build.0 = Release|Any CPU
		{61B915BB-DCF3-4F17-93F1-187B49D229BB}.Debug|Any CPU.ActiveCfg = Debug|Any CPU
		{61B915BB-DCF3-4F17-93F1-187B49D229BB}.Debug|Any CPU.Build.0 = Debug|Any CPU
		{61B915BB-DCF3-4F17-93F1-187B49D229BB}.Release|Any CPU.ActiveCfg = Release|Any CPU
		{61B915BB-DCF3-4F17-93F1-187B49D229BB}.Release|Any CPU.Build.0 = Release|Any CPU
	EndGlobalSection
	GlobalSection(SolutionProperties) = preSolution
		HideSolutionNode = FALSE
	EndGlobalSection
	GlobalSection(ExtensibilityGlobals) = postSolution
		SolutionGuid = {BB44CCD3-26C8-44EF-90E6-32D3C80870F1}
	EndGlobalSection
EndGlobal
